# This file is automatically @generated by Cargo.
# It is not intended for manual editing.
version = 4

[[package]]
name = "sakura-candidate-sweep"
version = "1.0.28"
dependencies = [
 "sakura-core",
]

[[package]]
name = "sakura-core"
version = "1.0.28"
dependencies = [
 "sakura-proto",
]

[[package]]
name = "sakura-proto"
version = "1.0.28"
